// !$*UTF8*$!
{
	archiveVersion = 1;
	classes = {
	};
	objectVersion = 48;
	objects = {

/* Begin PBXBuildFile section */
		27D58FD1FD832ABE10FA9F56 /* Pods_Unic_Booking.framework in Frameworks */ = {isa = PBXBuildFile; fileRef = 181E392A7FC958F373B1788C /* Pods_Unic_Booking.framework */; };
		7A8936212766EE0B9BDE7813 /* Pods_Unic_BookingUITests.framework in Frameworks */ = {isa = PBXBuildFile; fileRef = 4C62239EC77715AD4FB1C141 /* Pods_Unic_BookingUITests.framework */; };
		8B0540151F2119BF001ABE45 /* Book.swift in Sources */ = {isa = PBXBuildFile; fileRef = 8B0540141F2119BF001ABE45 /* Book.swift */; };
		8B0540171F211DAF001ABE45 /* User.swift in Sources */ = {isa = PBXBuildFile; fileRef = 8B0540161F211DAF001ABE45 /* User.swift */; };
		8B0540191F211EEC001ABE45 /* AuthenticationViewController.swift in Sources */ = {isa = PBXBuildFile; fileRef = 8B0540181F211EEC001ABE45 /* AuthenticationViewController.swift */; };
		8B17F96E1F643716005392BC /* StatisticManager.swift in Sources */ = {isa = PBXBuildFile; fileRef = 8B17F96D1F643716005392BC /* StatisticManager.swift */; };
		8B1B1FE21F2E1F2E00DD7A2C /* Updatable.swift in Sources */ = {isa = PBXBuildFile; fileRef = 8B1B1FE11F2E1F2E00DD7A2C /* Updatable.swift */; };
		8B4277891F48404600D4A1B2 /* RecapTableViewCell.swift in Sources */ = {isa = PBXBuildFile; fileRef = 8B4277881F48404600D4A1B2 /* RecapTableViewCell.swift */; };
		8B4D66061F3762B2003E0087 /* LimousineTableViewCell.swift in Sources */ = {isa = PBXBuildFile; fileRef = 8B4D66051F3762B2003E0087 /* LimousineTableViewCell.swift */; };
		8B4D66081F3762BA003E0087 /* TrainTableViewCell.swift in Sources */ = {isa = PBXBuildFile; fileRef = 8B4D66071F3762BA003E0087 /* TrainTableViewCell.swift */; };
		8B4D660A1F3762EF003E0087 /* RecapCellProtocol.swift in Sources */ = {isa = PBXBuildFile; fileRef = 8B4D66091F3762EF003E0087 /* RecapCellProtocol.swift */; };
		8B4D660C1F3763B4003E0087 /* MetadataProtocol.swift in Sources */ = {isa = PBXBuildFile; fileRef = 8B4D660B1F3763B4003E0087 /* MetadataProtocol.swift */; };
		8B5C85641F2CCA4C00E1D56C /* ApiManager.swift in Sources */ = {isa = PBXBuildFile; fileRef = 8B5C85631F2CCA4C00E1D56C /* ApiManager.swift */; };
		8B5C85661F2CCA5400E1D56C /* DataManager.swift in Sources */ = {isa = PBXBuildFile; fileRef = 8B5C85651F2CCA5400E1D56C /* DataManager.swift */; };
		8B5C85691F2CCBEA00E1D56C /* Environment.swift in Sources */ = {isa = PBXBuildFile; fileRef = 8B5C85681F2CCBEA00E1D56C /* Environment.swift */; };
		8B5C856B1F2CD20600E1D56C /* Credential.swift in Sources */ = {isa = PBXBuildFile; fileRef = 8B5C856A1F2CD20600E1D56C /* Credential.swift */; };
		8B5C856D1F2CD73000E1D56C /* UILoadingView.swift in Sources */ = {isa = PBXBuildFile; fileRef = 8B5C856C1F2CD73000E1D56C /* UILoadingView.swift */; };
		8B5C856F1F2CE64200E1D56C /* ModelManager.swift in Sources */ = {isa = PBXBuildFile; fileRef = 8B5C856E1F2CE64200E1D56C /* ModelManager.swift */; };
		8B5C85711F2CE65D00E1D56C /* Model.swift in Sources */ = {isa = PBXBuildFile; fileRef = 8B5C85701F2CE65D00E1D56C /* Model.swift */; };
		8B6A09D51F24EE3200C9F242 /* Assets.xcassets in Resources */ = {isa = PBXBuildFile; fileRef = 8B6A09D41F24EE3200C9F242 /* Assets.xcassets */; };
		8B6A09D71F24F0B200C9F242 /* UIConstants.swift in Sources */ = {isa = PBXBuildFile; fileRef = 8B6A09D61F24F0B200C9F242 /* UIConstants.swift */; };
		8B6A09D91F24F9AC00C9F242 /* UTFlightView.swift in Sources */ = {isa = PBXBuildFile; fileRef = 8B6A09D81F24F9AC00C9F242 /* UTFlightView.swift */; };
		8B6A09DB1F24FB3400C9F242 /* Extension.swift in Sources */ = {isa = PBXBuildFile; fileRef = 8B6A09DA1F24FB3400C9F242 /* Extension.swift */; };
		8B6A09DD1F2503E600C9F242 /* NoteTableViewCell.swift in Sources */ = {isa = PBXBuildFile; fileRef = 8B6A09DC1F2503E600C9F242 /* NoteTableViewCell.swift */; };
		8B6A09DF1F250BDF00C9F242 /* Product.swift in Sources */ = {isa = PBXBuildFile; fileRef = 8B6A09DE1F250BDF00C9F242 /* Product.swift */; };
		8B6A09E31F250C1B00C9F242 /* Airport.swift in Sources */ = {isa = PBXBuildFile; fileRef = 8B6A09E21F250C1B00C9F242 /* Airport.swift */; };
		8B6A09E71F250C3400C9F242 /* Limousine.swift in Sources */ = {isa = PBXBuildFile; fileRef = 8B6A09E61F250C3400C9F242 /* Limousine.swift */; };
		8B6A09E91F250CD900C9F242 /* Train.swift in Sources */ = {isa = PBXBuildFile; fileRef = 8B6A09E81F250CD900C9F242 /* Train.swift */; };
		8B6A09EC1F250DD500C9F242 /* Execution.swift in Sources */ = {isa = PBXBuildFile; fileRef = 8B6A09EB1F250DD500C9F242 /* Execution.swift */; };
		8B77147B1F21309A007FF67E /* ExecutionStepTableViewCell.swift in Sources */ = {isa = PBXBuildFile; fileRef = 8B77147A1F21309A007FF67E /* ExecutionStepTableViewCell.swift */; };
		8B77147D1F2130AE007FF67E /* FlightTableViewCell.swift in Sources */ = {isa = PBXBuildFile; fileRef = 8B77147C1F2130AE007FF67E /* FlightTableViewCell.swift */; };
		8B81FEF21F1FECDE00D47451 /* AppDelegate.swift in Sources */ = {isa = PBXBuildFile; fileRef = 8B81FEF11F1FECDE00D47451 /* AppDelegate.swift */; };
		8B81FEF71F1FECDE00D47451 /* Main.storyboard in Resources */ = {isa = PBXBuildFile; fileRef = 8B81FEF51F1FECDE00D47451 /* Main.storyboard */; };
		8B81FEFC1F1FECDE00D47451 /* LaunchScreen.storyboard in Resources */ = {isa = PBXBuildFile; fileRef = 8B81FEFA1F1FECDE00D47451 /* LaunchScreen.storyboard */; };
		8B81FF071F1FECDE00D47451 /* Unic_BookingTests.swift in Sources */ = {isa = PBXBuildFile; fileRef = 8B81FF061F1FECDE00D47451 /* Unic_BookingTests.swift */; };
		8B81FF121F1FECDE00D47451 /* Unic_BookingUITests.swift in Sources */ = {isa = PBXBuildFile; fileRef = 8B81FF111F1FECDE00D47451 /* Unic_BookingUITests.swift */; };
		8B81FF201F1FEF3700D47451 /* UTTextField.swift in Sources */ = {isa = PBXBuildFile; fileRef = 8B81FF1F1F1FEF3700D47451 /* UTTextField.swift */; };
		8B81FF231F1FF0FF00D47451 /* ProductListTableViewController.swift in Sources */ = {isa = PBXBuildFile; fileRef = 8B81FF221F1FF0FF00D47451 /* ProductListTableViewController.swift */; };
		8B81FF251F1FF10B00D47451 /* ProductDetailsTableViewController.swift in Sources */ = {isa = PBXBuildFile; fileRef = 8B81FF241F1FF10B00D47451 /* ProductDetailsTableViewController.swift */; };
		8B81FF281F1FF3C900D47451 /* ProductTableViewCell.swift in Sources */ = {isa = PBXBuildFile; fileRef = 8B81FF271F1FF3C900D47451 /* ProductTableViewCell.swift */; };
		964EED8C2E354F8CDA64B3B2 /* Pods_Unic_BookingTests.framework in Frameworks */ = {isa = PBXBuildFile; fileRef = E6F8D5240024780FA9266334 /* Pods_Unic_BookingTests.framework */; };
/* End PBXBuildFile section */

/* Begin PBXContainerItemProxy section */
		8B81FF031F1FECDE00D47451 /* PBXContainerItemProxy */ = {
			isa = PBXContainerItemProxy;
			containerPortal = 8B81FEE61F1FECDE00D47451 /* Project object */;
			proxyType = 1;
			remoteGlobalIDString = 8B81FEED1F1FECDE00D47451;
			remoteInfo = "Unic Booking";
		};
		8B81FF0E1F1FECDE00D47451 /* PBXContainerItemProxy */ = {
			isa = PBXContainerItemProxy;
			containerPortal = 8B81FEE61F1FECDE00D47451 /* Project object */;
			proxyType = 1;
			remoteGlobalIDString = 8B81FEED1F1FECDE00D47451;
			remoteInfo = "Unic Booking";
		};
/* End PBXContainerItemProxy section */

/* Begin PBXFileReference section */
		181E392A7FC958F373B1788C /* Pods_Unic_Booking.framework */ = {isa = PBXFileReference; explicitFileType = wrapper.framework; includeInIndex = 0; path = Pods_Unic_Booking.framework; sourceTree = BUILT_PRODUCTS_DIR; };
		48825381DDF49165E6DA06DE /* Pods-Unic BookingTests.release.xcconfig */ = {isa = PBXFileReference; includeInIndex = 1; lastKnownFileType = text.xcconfig; name = "Pods-Unic BookingTests.release.xcconfig"; path = "Pods/Target Support Files/Pods-Unic BookingTests/Pods-Unic BookingTests.release.xcconfig"; sourceTree = "<group>"; };
		4C62239EC77715AD4FB1C141 /* Pods_Unic_BookingUITests.framework */ = {isa = PBXFileReference; explicitFileType = wrapper.framework; includeInIndex = 0; path = Pods_Unic_BookingUITests.framework; sourceTree = BUILT_PRODUCTS_DIR; };
		7F5AEA440E7B9981F4BC836C /* Pods-Unic BookingUITests.debug.xcconfig */ = {isa = PBXFileReference; includeInIndex = 1; lastKnownFileType = text.xcconfig; name = "Pods-Unic BookingUITests.debug.xcconfig"; path = "Pods/Target Support Files/Pods-Unic BookingUITests/Pods-Unic BookingUITests.debug.xcconfig"; sourceTree = "<group>"; };
		8B0540141F2119BF001ABE45 /* Book.swift */ = {isa = PBXFileReference; lastKnownFileType = sourcecode.swift; path = Book.swift; sourceTree = "<group>"; };
		8B0540161F211DAF001ABE45 /* User.swift */ = {isa = PBXFileReference; lastKnownFileType = sourcecode.swift; path = User.swift; sourceTree = "<group>"; };
		8B0540181F211EEC001ABE45 /* AuthenticationViewController.swift */ = {isa = PBXFileReference; lastKnownFileType = sourcecode.swift; path = AuthenticationViewController.swift; sourceTree = "<group>"; };
		8B17F96D1F643716005392BC /* StatisticManager.swift */ = {isa = PBXFileReference; lastKnownFileType = sourcecode.swift; path = StatisticManager.swift; sourceTree = "<group>"; };
		8B1B1FE11F2E1F2E00DD7A2C /* Updatable.swift */ = {isa = PBXFileReference; lastKnownFileType = sourcecode.swift; path = Updatable.swift; sourceTree = "<group>"; };
		8B4277881F48404600D4A1B2 /* RecapTableViewCell.swift */ = {isa = PBXFileReference; lastKnownFileType = sourcecode.swift; path = RecapTableViewCell.swift; sourceTree = "<group>"; };
		8B4D66051F3762B2003E0087 /* LimousineTableViewCell.swift */ = {isa = PBXFileReference; lastKnownFileType = sourcecode.swift; path = LimousineTableViewCell.swift; sourceTree = "<group>"; };
		8B4D66071F3762BA003E0087 /* TrainTableViewCell.swift */ = {isa = PBXFileReference; lastKnownFileType = sourcecode.swift; path = TrainTableViewCell.swift; sourceTree = "<group>"; };
		8B4D66091F3762EF003E0087 /* RecapCellProtocol.swift */ = {isa = PBXFileReference; lastKnownFileType = sourcecode.swift; path = RecapCellProtocol.swift; sourceTree = "<group>"; };
		8B4D660B1F3763B4003E0087 /* MetadataProtocol.swift */ = {isa = PBXFileReference; lastKnownFileType = sourcecode.swift; path = MetadataProtocol.swift; sourceTree = "<group>"; };
		8B5C85631F2CCA4C00E1D56C /* ApiManager.swift */ = {isa = PBXFileReference; lastKnownFileType = sourcecode.swift; path = ApiManager.swift; sourceTree = "<group>"; };
		8B5C85651F2CCA5400E1D56C /* DataManager.swift */ = {isa = PBXFileReference; lastKnownFileType = sourcecode.swift; path = DataManager.swift; sourceTree = "<group>"; };
		8B5C85681F2CCBEA00E1D56C /* Environment.swift */ = {isa = PBXFileReference; lastKnownFileType = sourcecode.swift; path = Environment.swift; sourceTree = "<group>"; };
		8B5C856A1F2CD20600E1D56C /* Credential.swift */ = {isa = PBXFileReference; lastKnownFileType = sourcecode.swift; path = Credential.swift; sourceTree = "<group>"; };
		8B5C856C1F2CD73000E1D56C /* UILoadingView.swift */ = {isa = PBXFileReference; lastKnownFileType = sourcecode.swift; path = UILoadingView.swift; sourceTree = "<group>"; };
		8B5C856E1F2CE64200E1D56C /* ModelManager.swift */ = {isa = PBXFileReference; lastKnownFileType = sourcecode.swift; path = ModelManager.swift; sourceTree = "<group>"; };
		8B5C85701F2CE65D00E1D56C /* Model.swift */ = {isa = PBXFileReference; lastKnownFileType = sourcecode.swift; path = Model.swift; sourceTree = "<group>"; };
		8B6A09D41F24EE3200C9F242 /* Assets.xcassets */ = {isa = PBXFileReference; lastKnownFileType = folder.assetcatalog; path = Assets.xcassets; sourceTree = "<group>"; };
		8B6A09D61F24F0B200C9F242 /* UIConstants.swift */ = {isa = PBXFileReference; lastKnownFileType = sourcecode.swift; path = UIConstants.swift; sourceTree = "<group>"; };
		8B6A09D81F24F9AC00C9F242 /* UTFlightView.swift */ = {isa = PBXFileReference; lastKnownFileType = sourcecode.swift; path = UTFlightView.swift; sourceTree = "<group>"; };
		8B6A09DA1F24FB3400C9F242 /* Extension.swift */ = {isa = PBXFileReference; lastKnownFileType = sourcecode.swift; path = Extension.swift; sourceTree = "<group>"; };
		8B6A09DC1F2503E600C9F242 /* NoteTableViewCell.swift */ = {isa = PBXFileReference; lastKnownFileType = sourcecode.swift; path = NoteTableViewCell.swift; sourceTree = "<group>"; };
		8B6A09DE1F250BDF00C9F242 /* Product.swift */ = {isa = PBXFileReference; lastKnownFileType = sourcecode.swift; path = Product.swift; sourceTree = "<group>"; };
		8B6A09E21F250C1B00C9F242 /* Airport.swift */ = {isa = PBXFileReference; lastKnownFileType = sourcecode.swift; path = Airport.swift; sourceTree = "<group>"; };
		8B6A09E61F250C3400C9F242 /* Limousine.swift */ = {isa = PBXFileReference; lastKnownFileType = sourcecode.swift; path = Limousine.swift; sourceTree = "<group>"; };
		8B6A09E81F250CD900C9F242 /* Train.swift */ = {isa = PBXFileReference; lastKnownFileType = sourcecode.swift; path = Train.swift; sourceTree = "<group>"; };
		8B6A09EB1F250DD500C9F242 /* Execution.swift */ = {isa = PBXFileReference; lastKnownFileType = sourcecode.swift; path = Execution.swift; sourceTree = "<group>"; };
		8B77147A1F21309A007FF67E /* ExecutionStepTableViewCell.swift */ = {isa = PBXFileReference; lastKnownFileType = sourcecode.swift; path = ExecutionStepTableViewCell.swift; sourceTree = "<group>"; };
		8B77147C1F2130AE007FF67E /* FlightTableViewCell.swift */ = {isa = PBXFileReference; lastKnownFileType = sourcecode.swift; path = FlightTableViewCell.swift; sourceTree = "<group>"; };
		8B81FEEE1F1FECDE00D47451 /* Unic Booking.app */ = {isa = PBXFileReference; explicitFileType = wrapper.application; includeInIndex = 0; path = "Unic Booking.app"; sourceTree = BUILT_PRODUCTS_DIR; };
		8B81FEF11F1FECDE00D47451 /* AppDelegate.swift */ = {isa = PBXFileReference; lastKnownFileType = sourcecode.swift; path = AppDelegate.swift; sourceTree = "<group>"; };
		8B81FEF61F1FECDE00D47451 /* Base */ = {isa = PBXFileReference; lastKnownFileType = file.storyboard; name = Base; path = Base.lproj/Main.storyboard; sourceTree = "<group>"; };
		8B81FEFB1F1FECDE00D47451 /* Base */ = {isa = PBXFileReference; lastKnownFileType = file.storyboard; name = Base; path = Base.lproj/LaunchScreen.storyboard; sourceTree = "<group>"; };
		8B81FEFD1F1FECDE00D47451 /* Info.plist */ = {isa = PBXFileReference; lastKnownFileType = text.plist.xml; path = Info.plist; sourceTree = "<group>"; };
		8B81FF021F1FECDE00D47451 /* Unic BookingTests.xctest */ = {isa = PBXFileReference; explicitFileType = wrapper.cfbundle; includeInIndex = 0; path = "Unic BookingTests.xctest"; sourceTree = BUILT_PRODUCTS_DIR; };
		8B81FF061F1FECDE00D47451 /* Unic_BookingTests.swift */ = {isa = PBXFileReference; lastKnownFileType = sourcecode.swift; path = Unic_BookingTests.swift; sourceTree = "<group>"; };
		8B81FF081F1FECDE00D47451 /* Info.plist */ = {isa = PBXFileReference; lastKnownFileType = text.plist.xml; path = Info.plist; sourceTree = "<group>"; };
		8B81FF0D1F1FECDE00D47451 /* Unic BookingUITests.xctest */ = {isa = PBXFileReference; explicitFileType = wrapper.cfbundle; includeInIndex = 0; path = "Unic BookingUITests.xctest"; sourceTree = BUILT_PRODUCTS_DIR; };
		8B81FF111F1FECDE00D47451 /* Unic_BookingUITests.swift */ = {isa = PBXFileReference; lastKnownFileType = sourcecode.swift; path = Unic_BookingUITests.swift; sourceTree = "<group>"; };
		8B81FF131F1FECDE00D47451 /* Info.plist */ = {isa = PBXFileReference; lastKnownFileType = text.plist.xml; path = Info.plist; sourceTree = "<group>"; };
		8B81FF1F1F1FEF3700D47451 /* UTTextField.swift */ = {isa = PBXFileReference; lastKnownFileType = sourcecode.swift; path = UTTextField.swift; sourceTree = "<group>"; };
		8B81FF221F1FF0FF00D47451 /* ProductListTableViewController.swift */ = {isa = PBXFileReference; lastKnownFileType = sourcecode.swift; path = ProductListTableViewController.swift; sourceTree = "<group>"; };
		8B81FF241F1FF10B00D47451 /* ProductDetailsTableViewController.swift */ = {isa = PBXFileReference; lastKnownFileType = sourcecode.swift; path = ProductDetailsTableViewController.swift; sourceTree = "<group>"; };
		8B81FF271F1FF3C900D47451 /* ProductTableViewCell.swift */ = {isa = PBXFileReference; lastKnownFileType = sourcecode.swift; path = ProductTableViewCell.swift; sourceTree = "<group>"; };
		B00C8065FEB0F03213043E77 /* Pods-Unic BookingTests.debug.xcconfig */ = {isa = PBXFileReference; includeInIndex = 1; lastKnownFileType = text.xcconfig; name = "Pods-Unic BookingTests.debug.xcconfig"; path = "Pods/Target Support Files/Pods-Unic BookingTests/Pods-Unic BookingTests.debug.xcconfig"; sourceTree = "<group>"; };
		C92D9E6AB5DE2D64206F98F8 /* Pods-Unic Booking.debug.xcconfig */ = {isa = PBXFileReference; includeInIndex = 1; lastKnownFileType = text.xcconfig; name = "Pods-Unic Booking.debug.xcconfig"; path = "Pods/Target Support Files/Pods-Unic Booking/Pods-Unic Booking.debug.xcconfig"; sourceTree = "<group>"; };
		DD71C2CDA724EFDE9E6162E4 /* Pods-Unic Booking.release.xcconfig */ = {isa = PBXFileReference; includeInIndex = 1; lastKnownFileType = text.xcconfig; name = "Pods-Unic Booking.release.xcconfig"; path = "Pods/Target Support Files/Pods-Unic Booking/Pods-Unic Booking.release.xcconfig"; sourceTree = "<group>"; };
		E6F8D5240024780FA9266334 /* Pods_Unic_BookingTests.framework */ = {isa = PBXFileReference; explicitFileType = wrapper.framework; includeInIndex = 0; path = Pods_Unic_BookingTests.framework; sourceTree = BUILT_PRODUCTS_DIR; };
		E78D12BF93DFB545EB961E19 /* Pods-Unic BookingUITests.release.xcconfig */ = {isa = PBXFileReference; includeInIndex = 1; lastKnownFileType = text.xcconfig; name = "Pods-Unic BookingUITests.release.xcconfig"; path = "Pods/Target Support Files/Pods-Unic BookingUITests/Pods-Unic BookingUITests.release.xcconfig"; sourceTree = "<group>"; };
/* End PBXFileReference section */

/* Begin PBXFrameworksBuildPhase section */
		8B81FEEB1F1FECDE00D47451 /* Frameworks */ = {
			isa = PBXFrameworksBuildPhase;
			buildActionMask = 2147483647;
			files = (
				27D58FD1FD832ABE10FA9F56 /* Pods_Unic_Booking.framework in Frameworks */,
			);
			runOnlyForDeploymentPostprocessing = 0;
		};
		8B81FEFF1F1FECDE00D47451 /* Frameworks */ = {
			isa = PBXFrameworksBuildPhase;
			buildActionMask = 2147483647;
			files = (
				964EED8C2E354F8CDA64B3B2 /* Pods_Unic_BookingTests.framework in Frameworks */,
			);
			runOnlyForDeploymentPostprocessing = 0;
		};
		8B81FF0A1F1FECDE00D47451 /* Frameworks */ = {
			isa = PBXFrameworksBuildPhase;
			buildActionMask = 2147483647;
			files = (
				7A8936212766EE0B9BDE7813 /* Pods_Unic_BookingUITests.framework in Frameworks */,
			);
			runOnlyForDeploymentPostprocessing = 0;
		};
/* End PBXFrameworksBuildPhase section */

/* Begin PBXGroup section */
		83FEC2350FBCCD1064A30F3E /* Pods */ = {
			isa = PBXGroup;
			children = (
				C92D9E6AB5DE2D64206F98F8 /* Pods-Unic Booking.debug.xcconfig */,
				DD71C2CDA724EFDE9E6162E4 /* Pods-Unic Booking.release.xcconfig */,
				B00C8065FEB0F03213043E77 /* Pods-Unic BookingTests.debug.xcconfig */,
				48825381DDF49165E6DA06DE /* Pods-Unic BookingTests.release.xcconfig */,
				7F5AEA440E7B9981F4BC836C /* Pods-Unic BookingUITests.debug.xcconfig */,
				E78D12BF93DFB545EB961E19 /* Pods-Unic BookingUITests.release.xcconfig */,
			);
			name = Pods;
			sourceTree = "<group>";
		};
		8B0540131F21184A001ABE45 /* Models */ = {
			isa = PBXGroup;
			children = (
				8B5C85721F2CE66100E1D56C /* Protocols */,
				8B6A09EA1F250CDE00C9F242 /* Metadata */,
				8B5C856A1F2CD20600E1D56C /* Credential.swift */,
				8B0540161F211DAF001ABE45 /* User.swift */,
				8B5C85681F2CCBEA00E1D56C /* Environment.swift */,
				8B0540141F2119BF001ABE45 /* Book.swift */,
				8B6A09DE1F250BDF00C9F242 /* Product.swift */,
				8B6A09EB1F250DD500C9F242 /* Execution.swift */,
			);
			path = Models;
			sourceTree = "<group>";
		};
		8B05401A1F211EF0001ABE45 /* Authentication */ = {
			isa = PBXGroup;
			children = (
				8B0540181F211EEC001ABE45 /* AuthenticationViewController.swift */,
			);
			path = Authentication;
			sourceTree = "<group>";
		};
		8B4D66041F376296003E0087 /* Recap Cells */ = {
			isa = PBXGroup;
			children = (
				8B4D66091F3762EF003E0087 /* RecapCellProtocol.swift */,
				8B77147C1F2130AE007FF67E /* FlightTableViewCell.swift */,
				8B4D66051F3762B2003E0087 /* LimousineTableViewCell.swift */,
				8B4D66071F3762BA003E0087 /* TrainTableViewCell.swift */,
				8B4277881F48404600D4A1B2 /* RecapTableViewCell.swift */,
			);
			path = "Recap Cells";
			sourceTree = "<group>";
		};
		8B5C85671F2CCA5900E1D56C /* Manager */ = {
			isa = PBXGroup;
			children = (
				8B5C85631F2CCA4C00E1D56C /* ApiManager.swift */,
				8B5C85651F2CCA5400E1D56C /* DataManager.swift */,
				8B5C856E1F2CE64200E1D56C /* ModelManager.swift */,
				8B17F96D1F643716005392BC /* StatisticManager.swift */,
			);
			path = Manager;
			sourceTree = "<group>";
		};
		8B5C85721F2CE66100E1D56C /* Protocols */ = {
			isa = PBXGroup;
			children = (
				8B5C85701F2CE65D00E1D56C /* Model.swift */,
				8B1B1FE11F2E1F2E00DD7A2C /* Updatable.swift */,
			);
			path = Protocols;
			sourceTree = "<group>";
		};
		8B6A09EA1F250CDE00C9F242 /* Metadata */ = {
			isa = PBXGroup;
			children = (
				8B4D660B1F3763B4003E0087 /* MetadataProtocol.swift */,
				8B6A09E21F250C1B00C9F242 /* Airport.swift */,
				8B6A09E61F250C3400C9F242 /* Limousine.swift */,
				8B6A09E81F250CD900C9F242 /* Train.swift */,
			);
			path = Metadata;
			sourceTree = "<group>";
		};
		8B81FEE51F1FECDE00D47451 = {
			isa = PBXGroup;
			children = (
				8B81FEF01F1FECDE00D47451 /* Unic Booking */,
				8B81FF051F1FECDE00D47451 /* Unic BookingTests */,
				8B81FF101F1FECDE00D47451 /* Unic BookingUITests */,
				8B81FEEF1F1FECDE00D47451 /* Products */,
				83FEC2350FBCCD1064A30F3E /* Pods */,
				9CAA7F5566BCD16D5BC337F4 /* Frameworks */,
			);
			sourceTree = "<group>";
		};
		8B81FEEF1F1FECDE00D47451 /* Products */ = {
			isa = PBXGroup;
			children = (
				8B81FEEE1F1FECDE00D47451 /* Unic Booking.app */,
				8B81FF021F1FECDE00D47451 /* Unic BookingTests.xctest */,
				8B81FF0D1F1FECDE00D47451 /* Unic BookingUITests.xctest */,
			);
			name = Products;
			sourceTree = "<group>";
		};
		8B81FEF01F1FECDE00D47451 /* Unic Booking */ = {
			isa = PBXGroup;
			children = (
				8B81FEF11F1FECDE00D47451 /* AppDelegate.swift */,
				8B5C85671F2CCA5900E1D56C /* Manager */,
				8B0540131F21184A001ABE45 /* Models */,
				8B81FF211F1FEF3C00D47451 /* UI */,
				8B81FF261F1FF10F00D47451 /* Book */,
				8B05401A1F211EF0001ABE45 /* Authentication */,
				8B81FEF51F1FECDE00D47451 /* Main.storyboard */,
				8B6A09D41F24EE3200C9F242 /* Assets.xcassets */,
				8B81FEFA1F1FECDE00D47451 /* LaunchScreen.storyboard */,
				8B81FEFD1F1FECDE00D47451 /* Info.plist */,
			);
			path = "Unic Booking";
			sourceTree = "<group>";
		};
		8B81FF051F1FECDE00D47451 /* Unic BookingTests */ = {
			isa = PBXGroup;
			children = (
				8B81FF061F1FECDE00D47451 /* Unic_BookingTests.swift */,
				8B81FF081F1FECDE00D47451 /* Info.plist */,
			);
			path = "Unic BookingTests";
			sourceTree = "<group>";
		};
		8B81FF101F1FECDE00D47451 /* Unic BookingUITests */ = {
			isa = PBXGroup;
			children = (
				8B81FF111F1FECDE00D47451 /* Unic_BookingUITests.swift */,
				8B81FF131F1FECDE00D47451 /* Info.plist */,
			);
			path = "Unic BookingUITests";
			sourceTree = "<group>";
		};
		8B81FF211F1FEF3C00D47451 /* UI */ = {
			isa = PBXGroup;
			children = (
				8B81FF1F1F1FEF3700D47451 /* UTTextField.swift */,
				8B5C856C1F2CD73000E1D56C /* UILoadingView.swift */,
				8B6A09D61F24F0B200C9F242 /* UIConstants.swift */,
				8B6A09D81F24F9AC00C9F242 /* UTFlightView.swift */,
				8B6A09DA1F24FB3400C9F242 /* Extension.swift */,
			);
			path = UI;
			sourceTree = "<group>";
		};
		8B81FF261F1FF10F00D47451 /* Book */ = {
			isa = PBXGroup;
			children = (
				8B81FF291F1FF3D000D47451 /* Cells */,
				8B81FF221F1FF0FF00D47451 /* ProductListTableViewController.swift */,
				8B81FF241F1FF10B00D47451 /* ProductDetailsTableViewController.swift */,
			);
			path = Book;
			sourceTree = "<group>";
		};
		8B81FF291F1FF3D000D47451 /* Cells */ = {
			isa = PBXGroup;
			children = (
				8B4D66041F376296003E0087 /* Recap Cells */,
				8B81FF271F1FF3C900D47451 /* ProductTableViewCell.swift */,
				8B77147A1F21309A007FF67E /* ExecutionStepTableViewCell.swift */,
				8B6A09DC1F2503E600C9F242 /* NoteTableViewCell.swift */,
			);
			path = Cells;
			sourceTree = "<group>";
		};
		9CAA7F5566BCD16D5BC337F4 /* Frameworks */ = {
			isa = PBXGroup;
			children = (
				181E392A7FC958F373B1788C /* Pods_Unic_Booking.framework */,
				E6F8D5240024780FA9266334 /* Pods_Unic_BookingTests.framework */,
				4C62239EC77715AD4FB1C141 /* Pods_Unic_BookingUITests.framework */,
			);
			name = Frameworks;
			sourceTree = "<group>";
		};
/* End PBXGroup section */

/* Begin PBXNativeTarget section */
		8B81FEED1F1FECDE00D47451 /* Unic Booking */ = {
			isa = PBXNativeTarget;
			buildConfigurationList = 8B81FF161F1FECDE00D47451 /* Build configuration list for PBXNativeTarget "Unic Booking" */;
			buildPhases = (
				547238B5F4E849F5E01478A7 /* [CP] Check Pods Manifest.lock */,
				8B81FEEA1F1FECDE00D47451 /* Sources */,
				8B81FEEB1F1FECDE00D47451 /* Frameworks */,
				8B81FEEC1F1FECDE00D47451 /* Resources */,
				1B85A727A0F5339328E2C4CC /* [CP] Embed Pods Frameworks */,
				F2F03D093709B6FDB900BB4C /* [CP] Copy Pods Resources */,
			);
			buildRules = (
			);
			dependencies = (
			);
			name = "Unic Booking";
			productName = "Unic Booking";
			productReference = 8B81FEEE1F1FECDE00D47451 /* Unic Booking.app */;
			productType = "com.apple.product-type.application";
		};
		8B81FF011F1FECDE00D47451 /* Unic BookingTests */ = {
			isa = PBXNativeTarget;
			buildConfigurationList = 8B81FF191F1FECDE00D47451 /* Build configuration list for PBXNativeTarget "Unic BookingTests" */;
			buildPhases = (
				033E9CC8146AAC65CA94C4EC /* [CP] Check Pods Manifest.lock */,
				8B81FEFE1F1FECDE00D47451 /* Sources */,
				8B81FEFF1F1FECDE00D47451 /* Frameworks */,
				8B81FF001F1FECDE00D47451 /* Resources */,
				B775983F2CE4F25AEAA2F99A /* [CP] Embed Pods Frameworks */,
				9277E383EC0DD8EC173F0166 /* [CP] Copy Pods Resources */,
			);
			buildRules = (
			);
			dependencies = (
				8B81FF041F1FECDE00D47451 /* PBXTargetDependency */,
			);
			name = "Unic BookingTests";
			productName = "Unic BookingTests";
			productReference = 8B81FF021F1FECDE00D47451 /* Unic BookingTests.xctest */;
			productType = "com.apple.product-type.bundle.unit-test";
		};
		8B81FF0C1F1FECDE00D47451 /* Unic BookingUITests */ = {
			isa = PBXNativeTarget;
			buildConfigurationList = 8B81FF1C1F1FECDE00D47451 /* Build configuration list for PBXNativeTarget "Unic BookingUITests" */;
			buildPhases = (
				F41CD3DBF138D53D65D4C32B /* [CP] Check Pods Manifest.lock */,
				8B81FF091F1FECDE00D47451 /* Sources */,
				8B81FF0A1F1FECDE00D47451 /* Frameworks */,
				8B81FF0B1F1FECDE00D47451 /* Resources */,
				22ED5D914A622BB92CDC048A /* [CP] Embed Pods Frameworks */,
				12A3C608F8C349134517EDFB /* [CP] Copy Pods Resources */,
			);
			buildRules = (
			);
			dependencies = (
				8B81FF0F1F1FECDE00D47451 /* PBXTargetDependency */,
			);
			name = "Unic BookingUITests";
			productName = "Unic BookingUITests";
			productReference = 8B81FF0D1F1FECDE00D47451 /* Unic BookingUITests.xctest */;
			productType = "com.apple.product-type.bundle.ui-testing";
		};
/* End PBXNativeTarget section */

/* Begin PBXProject section */
		8B81FEE61F1FECDE00D47451 /* Project object */ = {
			isa = PBXProject;
			attributes = {
				LastSwiftUpdateCheck = 0900;
				LastUpgradeCheck = 0900;
				ORGANIZATIONNAME = "Hugo Fouquet";
				TargetAttributes = {
					8B81FEED1F1FECDE00D47451 = {
						CreatedOnToolsVersion = 9.0;
					};
					8B81FF011F1FECDE00D47451 = {
						CreatedOnToolsVersion = 9.0;
						TestTargetID = 8B81FEED1F1FECDE00D47451;
					};
					8B81FF0C1F1FECDE00D47451 = {
						CreatedOnToolsVersion = 9.0;
						TestTargetID = 8B81FEED1F1FECDE00D47451;
					};
				};
			};
			buildConfigurationList = 8B81FEE91F1FECDE00D47451 /* Build configuration list for PBXProject "Unic Booking" */;
			compatibilityVersion = "Xcode 8.0";
			developmentRegion = en;
			hasScannedForEncodings = 0;
			knownRegions = (
				en,
				Base,
			);
			mainGroup = 8B81FEE51F1FECDE00D47451;
			productRefGroup = 8B81FEEF1F1FECDE00D47451 /* Products */;
			projectDirPath = "";
			projectRoot = "";
			targets = (
				8B81FEED1F1FECDE00D47451 /* Unic Booking */,
				8B81FF011F1FECDE00D47451 /* Unic BookingTests */,
				8B81FF0C1F1FECDE00D47451 /* Unic BookingUITests */,
			);
		};
/* End PBXProject section */

/* Begin PBXResourcesBuildPhase section */
		8B81FEEC1F1FECDE00D47451 /* Resources */ = {
			isa = PBXResourcesBuildPhase;
			buildActionMask = 2147483647;
			files = (
				8B81FEFC1F1FECDE00D47451 /* LaunchScreen.storyboard in Resources */,
				8B6A09D51F24EE3200C9F242 /* Assets.xcassets in Resources */,
				8B81FEF71F1FECDE00D47451 /* Main.storyboard in Resources */,
			);
			runOnlyForDeploymentPostprocessing = 0;
		};
		8B81FF001F1FECDE00D47451 /* Resources */ = {
			isa = PBXResourcesBuildPhase;
			buildActionMask = 2147483647;
			files = (
			);
			runOnlyForDeploymentPostprocessing = 0;
		};
		8B81FF0B1F1FECDE00D47451 /* Resources */ = {
			isa = PBXResourcesBuildPhase;
			buildActionMask = 2147483647;
			files = (
			);
			runOnlyForDeploymentPostprocessing = 0;
		};
/* End PBXResourcesBuildPhase section */

/* Begin PBXShellScriptBuildPhase section */
		033E9CC8146AAC65CA94C4EC /* [CP] Check Pods Manifest.lock */ = {
			isa = PBXShellScriptBuildPhase;
			buildActionMask = 2147483647;
			files = (
			);
			inputPaths = (
			);
			name = "[CP] Check Pods Manifest.lock";
			outputPaths = (
			);
			runOnlyForDeploymentPostprocessing = 0;
			shellPath = /bin/sh;
			shellScript = "diff \"${PODS_PODFILE_DIR_PATH}/Podfile.lock\" \"${PODS_ROOT}/Manifest.lock\" > /dev/null\nif [ $? != 0 ] ; then\n    # print error to STDERR\n    echo \"error: The sandbox is not in sync with the Podfile.lock. Run 'pod install' or update your CocoaPods installation.\" >&2\n    exit 1\nfi\n";
			showEnvVarsInLog = 0;
		};
		12A3C608F8C349134517EDFB /* [CP] Copy Pods Resources */ = {
			isa = PBXShellScriptBuildPhase;
			buildActionMask = 2147483647;
			files = (
			);
			inputPaths = (
			);
			name = "[CP] Copy Pods Resources";
			outputPaths = (
			);
			runOnlyForDeploymentPostprocessing = 0;
			shellPath = /bin/sh;
			shellScript = "\"${SRCROOT}/Pods/Target Support Files/Pods-Unic BookingUITests/Pods-Unic BookingUITests-resources.sh\"\n";
			showEnvVarsInLog = 0;
		};
		1B85A727A0F5339328E2C4CC /* [CP] Embed Pods Frameworks */ = {
			isa = PBXShellScriptBuildPhase;
			buildActionMask = 2147483647;
			files = (
			);
			inputPaths = (
			);
			name = "[CP] Embed Pods Frameworks";
			outputPaths = (
			);
			runOnlyForDeploymentPostprocessing = 0;
			shellPath = /bin/sh;
			shellScript = "\"${SRCROOT}/Pods/Target Support Files/Pods-Unic Booking/Pods-Unic Booking-frameworks.sh\"\n";
			showEnvVarsInLog = 0;
		};
		22ED5D914A622BB92CDC048A /* [CP] Embed Pods Frameworks */ = {
			isa = PBXShellScriptBuildPhase;
			buildActionMask = 2147483647;
			files = (
			);
			inputPaths = (
			);
			name = "[CP] Embed Pods Frameworks";
			outputPaths = (
			);
			runOnlyForDeploymentPostprocessing = 0;
			shellPath = /bin/sh;
			shellScript = "\"${SRCROOT}/Pods/Target Support Files/Pods-Unic BookingUITests/Pods-Unic BookingUITests-frameworks.sh\"\n";
			showEnvVarsInLog = 0;
		};
		547238B5F4E849F5E01478A7 /* [CP] Check Pods Manifest.lock */ = {
			isa = PBXShellScriptBuildPhase;
			buildActionMask = 2147483647;
			files = (
			);
			inputPaths = (
			);
			name = "[CP] Check Pods Manifest.lock";
			outputPaths = (
			);
			runOnlyForDeploymentPostprocessing = 0;
			shellPath = /bin/sh;
			shellScript = "diff \"${PODS_PODFILE_DIR_PATH}/Podfile.lock\" \"${PODS_ROOT}/Manifest.lock\" > /dev/null\nif [ $? != 0 ] ; then\n    # print error to STDERR\n    echo \"error: The sandbox is not in sync with the Podfile.lock. Run 'pod install' or update your CocoaPods installation.\" >&2\n    exit 1\nfi\n";
			showEnvVarsInLog = 0;
		};
		9277E383EC0DD8EC173F0166 /* [CP] Copy Pods Resources */ = {
			isa = PBXShellScriptBuildPhase;
			buildActionMask = 2147483647;
			files = (
			);
			inputPaths = (
			);
			name = "[CP] Copy Pods Resources";
			outputPaths = (
			);
			runOnlyForDeploymentPostprocessing = 0;
			shellPath = /bin/sh;
			shellScript = "\"${SRCROOT}/Pods/Target Support Files/Pods-Unic BookingTests/Pods-Unic BookingTests-resources.sh\"\n";
			showEnvVarsInLog = 0;
		};
		B775983F2CE4F25AEAA2F99A /* [CP] Embed Pods Frameworks */ = {
			isa = PBXShellScriptBuildPhase;
			buildActionMask = 2147483647;
			files = (
			);
			inputPaths = (
			);
			name = "[CP] Embed Pods Frameworks";
			outputPaths = (
			);
			runOnlyForDeploymentPostprocessing = 0;
			shellPath = /bin/sh;
			shellScript = "\"${SRCROOT}/Pods/Target Support Files/Pods-Unic BookingTests/Pods-Unic BookingTests-frameworks.sh\"\n";
			showEnvVarsInLog = 0;
		};
		F2F03D093709B6FDB900BB4C /* [CP] Copy Pods Resources */ = {
			isa = PBXShellScriptBuildPhase;
			buildActionMask = 2147483647;
			files = (
			);
			inputPaths = (
			);
			name = "[CP] Copy Pods Resources";
			outputPaths = (
			);
			runOnlyForDeploymentPostprocessing = 0;
			shellPath = /bin/sh;
			shellScript = "\"${SRCROOT}/Pods/Target Support Files/Pods-Unic Booking/Pods-Unic Booking-resources.sh\"\n";
			showEnvVarsInLog = 0;
		};
		F41CD3DBF138D53D65D4C32B /* [CP] Check Pods Manifest.lock */ = {
			isa = PBXShellScriptBuildPhase;
			buildActionMask = 2147483647;
			files = (
			);
			inputPaths = (
			);
			name = "[CP] Check Pods Manifest.lock";
			outputPaths = (
			);
			runOnlyForDeploymentPostprocessing = 0;
			shellPath = /bin/sh;
			shellScript = "diff \"${PODS_PODFILE_DIR_PATH}/Podfile.lock\" \"${PODS_ROOT}/Manifest.lock\" > /dev/null\nif [ $? != 0 ] ; then\n    # print error to STDERR\n    echo \"error: The sandbox is not in sync with the Podfile.lock. Run 'pod install' or update your CocoaPods installation.\" >&2\n    exit 1\nfi\n";
			showEnvVarsInLog = 0;
		};
/* End PBXShellScriptBuildPhase section */

/* Begin PBXSourcesBuildPhase section */
		8B81FEEA1F1FECDE00D47451 /* Sources */ = {
			isa = PBXSourcesBuildPhase;
			buildActionMask = 2147483647;
			files = (
				8B0540151F2119BF001ABE45 /* Book.swift in Sources */,
				8B4277891F48404600D4A1B2 /* RecapTableViewCell.swift in Sources */,
				8B81FEF21F1FECDE00D47451 /* AppDelegate.swift in Sources */,
				8B6A09E91F250CD900C9F242 /* Train.swift in Sources */,
				8B1B1FE21F2E1F2E00DD7A2C /* Updatable.swift in Sources */,
				8B5C856B1F2CD20600E1D56C /* Credential.swift in Sources */,
				8B6A09DF1F250BDF00C9F242 /* Product.swift in Sources */,
				8B5C856D1F2CD73000E1D56C /* UILoadingView.swift in Sources */,
				8B6A09E71F250C3400C9F242 /* Limousine.swift in Sources */,
				8B5C856F1F2CE64200E1D56C /* ModelManager.swift in Sources */,
				8B77147B1F21309A007FF67E /* ExecutionStepTableViewCell.swift in Sources */,
				8B81FF251F1FF10B00D47451 /* ProductDetailsTableViewController.swift in Sources */,
				8B5C85691F2CCBEA00E1D56C /* Environment.swift in Sources */,
				8B0540171F211DAF001ABE45 /* User.swift in Sources */,
				8B4D66081F3762BA003E0087 /* TrainTableViewCell.swift in Sources */,
				8B6A09EC1F250DD500C9F242 /* Execution.swift in Sources */,
				8B6A09DD1F2503E600C9F242 /* NoteTableViewCell.swift in Sources */,
				8B5C85661F2CCA5400E1D56C /* DataManager.swift in Sources */,
				8B0540191F211EEC001ABE45 /* AuthenticationViewController.swift in Sources */,
				8B81FF231F1FF0FF00D47451 /* ProductListTableViewController.swift in Sources */,
				8B5C85641F2CCA4C00E1D56C /* ApiManager.swift in Sources */,
				8B6A09D91F24F9AC00C9F242 /* UTFlightView.swift in Sources */,
				8B5C85711F2CE65D00E1D56C /* Model.swift in Sources */,
				8B81FF281F1FF3C900D47451 /* ProductTableViewCell.swift in Sources */,
				8B6A09DB1F24FB3400C9F242 /* Extension.swift in Sources */,
				8B17F96E1F643716005392BC /* StatisticManager.swift in Sources */,
				8B4D66061F3762B2003E0087 /* LimousineTableViewCell.swift in Sources */,
				8B6A09D71F24F0B200C9F242 /* UIConstants.swift in Sources */,
				8B6A09E31F250C1B00C9F242 /* Airport.swift in Sources */,
				8B4D660A1F3762EF003E0087 /* RecapCellProtocol.swift in Sources */,
				8B81FF201F1FEF3700D47451 /* UTTextField.swift in Sources */,
				8B77147D1F2130AE007FF67E /* FlightTableViewCell.swift in Sources */,
				8B4D660C1F3763B4003E0087 /* MetadataProtocol.swift in Sources */,
			);
			runOnlyForDeploymentPostprocessing = 0;
		};
		8B81FEFE1F1FECDE00D47451 /* Sources */ = {
			isa = PBXSourcesBuildPhase;
			buildActionMask = 2147483647;
			files = (
				8B81FF071F1FECDE00D47451 /* Unic_BookingTests.swift in Sources */,
			);
			runOnlyForDeploymentPostprocessing = 0;
		};
		8B81FF091F1FECDE00D47451 /* Sources */ = {
			isa = PBXSourcesBuildPhase;
			buildActionMask = 2147483647;
			files = (
				8B81FF121F1FECDE00D47451 /* Unic_BookingUITests.swift in Sources */,
			);
			runOnlyForDeploymentPostprocessing = 0;
		};
/* End PBXSourcesBuildPhase section */

/* Begin PBXTargetDependency section */
		8B81FF041F1FECDE00D47451 /* PBXTargetDependency */ = {
			isa = PBXTargetDependency;
			target = 8B81FEED1F1FECDE00D47451 /* Unic Booking */;
			targetProxy = 8B81FF031F1FECDE00D47451 /* PBXContainerItemProxy */;
		};
		8B81FF0F1F1FECDE00D47451 /* PBXTargetDependency */ = {
			isa = PBXTargetDependency;
			target = 8B81FEED1F1FECDE00D47451 /* Unic Booking */;
			targetProxy = 8B81FF0E1F1FECDE00D47451 /* PBXContainerItemProxy */;
		};
/* End PBXTargetDependency section */

/* Begin PBXVariantGroup section */
		8B81FEF51F1FECDE00D47451 /* Main.storyboard */ = {
			isa = PBXVariantGroup;
			children = (
				8B81FEF61F1FECDE00D47451 /* Base */,
			);
			name = Main.storyboard;
			sourceTree = "<group>";
		};
		8B81FEFA1F1FECDE00D47451 /* LaunchScreen.storyboard */ = {
			isa = PBXVariantGroup;
			children = (
				8B81FEFB1F1FECDE00D47451 /* Base */,
			);
			name = LaunchScreen.storyboard;
			sourceTree = "<group>";
		};
/* End PBXVariantGroup section */

/* Begin XCBuildConfiguration section */
		8B81FF141F1FECDE00D47451 /* Debug */ = {
			isa = XCBuildConfiguration;
			buildSettings = {
				ALWAYS_SEARCH_USER_PATHS = NO;
				CLANG_ANALYZER_NONNULL = YES;
				CLANG_ANALYZER_NUMBER_OBJECT_CONVERSION = YES_AGGRESSIVE;
				CLANG_CXX_LANGUAGE_STANDARD = "gnu++14";
				CLANG_CXX_LIBRARY = "libc++";
				CLANG_ENABLE_MODULES = YES;
				CLANG_ENABLE_OBJC_ARC = YES;
				CLANG_WARN_BLOCK_CAPTURE_AUTORELEASING = YES;
				CLANG_WARN_BOOL_CONVERSION = YES;
				CLANG_WARN_COMMA = YES;
				CLANG_WARN_CONSTANT_CONVERSION = YES;
				CLANG_WARN_DIRECT_OBJC_ISA_USAGE = YES_ERROR;
				CLANG_WARN_DOCUMENTATION_COMMENTS = YES;
				CLANG_WARN_EMPTY_BODY = YES;
				CLANG_WARN_ENUM_CONVERSION = YES;
				CLANG_WARN_INFINITE_RECURSION = YES;
				CLANG_WARN_INT_CONVERSION = YES;
				CLANG_WARN_OBJC_ROOT_CLASS = YES_ERROR;
				CLANG_WARN_RANGE_LOOP_ANALYSIS = YES;
				CLANG_WARN_STRICT_PROTOTYPES = YES;
				CLANG_WARN_SUSPICIOUS_MOVE = YES;
				CLANG_WARN_UNGUARDED_AVAILABILITY = YES_AGGRESSIVE;
				CLANG_WARN_UNREACHABLE_CODE = YES;
				CLANG_WARN__DUPLICATE_METHOD_MATCH = YES;
				CODE_SIGN_IDENTITY = "iPhone Developer";
				COPY_PHASE_STRIP = NO;
				DEBUG_INFORMATION_FORMAT = dwarf;
				ENABLE_STRICT_OBJC_MSGSEND = YES;
				ENABLE_TESTABILITY = YES;
				GCC_C_LANGUAGE_STANDARD = gnu11;
				GCC_DYNAMIC_NO_PIC = NO;
				GCC_NO_COMMON_BLOCKS = YES;
				GCC_OPTIMIZATION_LEVEL = 0;
				GCC_PREPROCESSOR_DEFINITIONS = (
					"DEBUG=1",
					"$(inherited)",
				);
				GCC_WARN_64_TO_32_BIT_CONVERSION = YES;
				GCC_WARN_ABOUT_RETURN_TYPE = YES_ERROR;
				GCC_WARN_UNDECLARED_SELECTOR = YES;
				GCC_WARN_UNINITIALIZED_AUTOS = YES_AGGRESSIVE;
				GCC_WARN_UNUSED_FUNCTION = YES;
				GCC_WARN_UNUSED_VARIABLE = YES;
				IPHONEOS_DEPLOYMENT_TARGET = 11.0;
				MTL_ENABLE_DEBUG_INFO = YES;
				ONLY_ACTIVE_ARCH = YES;
				SDKROOT = iphoneos;
				SWIFT_ACTIVE_COMPILATION_CONDITIONS = DEBUG;
				SWIFT_OPTIMIZATION_LEVEL = "-Onone";
			};
			name = Debug;
		};
		8B81FF151F1FECDE00D47451 /* Release */ = {
			isa = XCBuildConfiguration;
			buildSettings = {
				ALWAYS_SEARCH_USER_PATHS = NO;
				CLANG_ANALYZER_NONNULL = YES;
				CLANG_ANALYZER_NUMBER_OBJECT_CONVERSION = YES_AGGRESSIVE;
				CLANG_CXX_LANGUAGE_STANDARD = "gnu++14";
				CLANG_CXX_LIBRARY = "libc++";
				CLANG_ENABLE_MODULES = YES;
				CLANG_ENABLE_OBJC_ARC = YES;
				CLANG_WARN_BLOCK_CAPTURE_AUTORELEASING = YES;
				CLANG_WARN_BOOL_CONVERSION = YES;
				CLANG_WARN_COMMA = YES;
				CLANG_WARN_CONSTANT_CONVERSION = YES;
				CLANG_WARN_DIRECT_OBJC_ISA_USAGE = YES_ERROR;
				CLANG_WARN_DOCUMENTATION_COMMENTS = YES;
				CLANG_WARN_EMPTY_BODY = YES;
				CLANG_WARN_ENUM_CONVERSION = YES;
				CLANG_WARN_INFINITE_RECURSION = YES;
				CLANG_WARN_INT_CONVERSION = YES;
				CLANG_WARN_OBJC_ROOT_CLASS = YES_ERROR;
				CLANG_WARN_RANGE_LOOP_ANALYSIS = YES;
				CLANG_WARN_STRICT_PROTOTYPES = YES;
				CLANG_WARN_SUSPICIOUS_MOVE = YES;
				CLANG_WARN_UNGUARDED_AVAILABILITY = YES_AGGRESSIVE;
				CLANG_WARN_UNREACHABLE_CODE = YES;
				CLANG_WARN__DUPLICATE_METHOD_MATCH = YES;
				CODE_SIGN_IDENTITY = "iPhone Developer";
				COPY_PHASE_STRIP = NO;
				DEBUG_INFORMATION_FORMAT = "dwarf-with-dsym";
				ENABLE_NS_ASSERTIONS = NO;
				ENABLE_STRICT_OBJC_MSGSEND = YES;
				GCC_C_LANGUAGE_STANDARD = gnu11;
				GCC_NO_COMMON_BLOCKS = YES;
				GCC_WARN_64_TO_32_BIT_CONVERSION = YES;
				GCC_WARN_ABOUT_RETURN_TYPE = YES_ERROR;
				GCC_WARN_UNDECLARED_SELECTOR = YES;
				GCC_WARN_UNINITIALIZED_AUTOS = YES_AGGRESSIVE;
				GCC_WARN_UNUSED_FUNCTION = YES;
				GCC_WARN_UNUSED_VARIABLE = YES;
				IPHONEOS_DEPLOYMENT_TARGET = 11.0;
				MTL_ENABLE_DEBUG_INFO = NO;
				SDKROOT = iphoneos;
				SWIFT_OPTIMIZATION_LEVEL = "-Owholemodule";
				VALIDATE_PRODUCT = YES;
			};
			name = Release;
		};
		8B81FF171F1FECDE00D47451 /* Debug */ = {
			isa = XCBuildConfiguration;
			baseConfigurationReference = C92D9E6AB5DE2D64206F98F8 /* Pods-Unic Booking.debug.xcconfig */;
			buildSettings = {
				ASSETCATALOG_COMPILER_APPICON_NAME = AppIcon;
				ASSETCATALOG_COMPILER_LAUNCHIMAGE_NAME = LaunchImage;
				DEVELOPMENT_TEAM = 6KCZ6U7V39;
				INFOPLIST_FILE = "Unic Booking/Info.plist";
				IPHONEOS_DEPLOYMENT_TARGET = 10.0;
				LD_RUNPATH_SEARCH_PATHS = "$(inherited) @executable_path/Frameworks";
				PRODUCT_BUNDLE_IDENTIFIER = com.unictravel.booking;
				PRODUCT_NAME = "$(TARGET_NAME)";
				SWIFT_VERSION = 4.0;
				TARGETED_DEVICE_FAMILY = "1,2";
			};
			name = Debug;
		};
		8B81FF181F1FECDE00D47451 /* Release */ = {
			isa = XCBuildConfiguration;
			baseConfigurationReference = DD71C2CDA724EFDE9E6162E4 /* Pods-Unic Booking.release.xcconfig */;
			buildSettings = {
				ASSETCATALOG_COMPILER_APPICON_NAME = AppIcon;
				ASSETCATALOG_COMPILER_LAUNCHIMAGE_NAME = LaunchImage;
				DEVELOPMENT_TEAM = 6KCZ6U7V39;
				INFOPLIST_FILE = "Unic Booking/Info.plist";
				IPHONEOS_DEPLOYMENT_TARGET = 10.0;
				LD_RUNPATH_SEARCH_PATHS = "$(inherited) @executable_path/Frameworks";
				PRODUCT_BUNDLE_IDENTIFIER = com.unictravel.booking;
				PRODUCT_NAME = "$(TARGET_NAME)";
				SWIFT_VERSION = 4.0;
				TARGETED_DEVICE_FAMILY = "1,2";
			};
			name = Release;
		};
		8B81FF1A1F1FECDE00D47451 /* Debug */ = {
			isa = XCBuildConfiguration;
			baseConfigurationReference = B00C8065FEB0F03213043E77 /* Pods-Unic BookingTests.debug.xcconfig */;
			buildSettings = {
				ALWAYS_EMBED_SWIFT_STANDARD_LIBRARIES = YES;
				BUNDLE_LOADER = "$(TEST_HOST)";
				DEVELOPMENT_TEAM = DSVTBYFSD9;
				INFOPLIST_FILE = "Unic BookingTests/Info.plist";
				LD_RUNPATH_SEARCH_PATHS = "$(inherited) @executable_path/Frameworks @loader_path/Frameworks";
				PRODUCT_BUNDLE_IDENTIFIER = "com.fqt.unictravel.booking.Unic-BookingTests";
				PRODUCT_NAME = "$(TARGET_NAME)";
				SWIFT_VERSION = 4.0;
				TARGETED_DEVICE_FAMILY = "1,2";
				TEST_HOST = "$(BUILT_PRODUCTS_DIR)/Unic Booking.app/Unic Booking";
			};
			name = Debug;
		};
		8B81FF1B1F1FECDE00D47451 /* Release */ = {
			isa = XCBuildConfiguration;
			baseConfigurationReference = 48825381DDF49165E6DA06DE /* Pods-Unic BookingTests.release.xcconfig */;
			buildSettings = {
				ALWAYS_EMBED_SWIFT_STANDARD_LIBRARIES = YES;
				BUNDLE_LOADER = "$(TEST_HOST)";
				DEVELOPMENT_TEAM = DSVTBYFSD9;
				INFOPLIST_FILE = "Unic BookingTests/Info.plist";
				LD_RUNPATH_SEARCH_PATHS = "$(inherited) @executable_path/Frameworks @loader_path/Frameworks";
				PRODUCT_BUNDLE_IDENTIFIER = "com.fqt.unictravel.booking.Unic-BookingTests";
				PRODUCT_NAME = "$(TARGET_NAME)";
				SWIFT_VERSION = 4.0;
				TARGETED_DEVICE_FAMILY = "1,2";
				TEST_HOST = "$(BUILT_PRODUCTS_DIR)/Unic Booking.app/Unic Booking";
			};
			name = Release;
		};
		8B81FF1D1F1FECDE00D47451 /* Debug */ = {
			isa = XCBuildConfiguration;
			baseConfigurationReference = 7F5AEA440E7B9981F4BC836C /* Pods-Unic BookingUITests.debug.xcconfig */;
			buildSettings = {
				ALWAYS_EMBED_SWIFT_STANDARD_LIBRARIES = YES;
				DEVELOPMENT_TEAM = DSVTBYFSD9;
				INFOPLIST_FILE = "Unic BookingUITests/Info.plist";
				LD_RUNPATH_SEARCH_PATHS = "$(inherited) @executable_path/Frameworks @loader_path/Frameworks";
				PRODUCT_BUNDLE_IDENTIFIER = "com.fqt.unictravel.booking.Unic-BookingUITests";
				PRODUCT_NAME = "$(TARGET_NAME)";
				SWIFT_VERSION = 4.0;
				TARGETED_DEVICE_FAMILY = "1,2";
				TEST_TARGET_NAME = "Unic Booking";
			};
			name = Debug;
		};
		8B81FF1E1F1FECDE00D47451 /* Release */ = {
			isa = XCBuildConfiguration;
			baseConfigurationReference = E78D12BF93DFB545EB961E19 /* Pods-Unic BookingUITests.release.xcconfig */;
			buildSettings = {
				ALWAYS_EMBED_SWIFT_STANDARD_LIBRARIES = YES;
				DEVELOPMENT_TEAM = DSVTBYFSD9;
				INFOPLIST_FILE = "Unic BookingUITests/Info.plist";
				LD_RUNPATH_SEARCH_PATHS = "$(inherited) @executable_path/Frameworks @loader_path/Frameworks";
				PRODUCT_BUNDLE_IDENTIFIER = "com.fqt.unictravel.booking.Unic-BookingUITests";
				PRODUCT_NAME = "$(TARGET_NAME)";
				SWIFT_VERSION = 4.0;
				TARGETED_DEVICE_FAMILY = "1,2";
				TEST_TARGET_NAME = "Unic Booking";
			};
			name = Release;
		};
/* End XCBuildConfiguration section */

/* Begin XCConfigurationList section */
		8B81FEE91F1FECDE00D47451 /* Build configuration list for PBXProject "Unic Booking" */ = {
			isa = XCConfigurationList;
			buildConfigurations = (
				8B81FF141F1FECDE00D47451 /* Debug */,
				8B81FF151F1FECDE00D47451 /* Release */,
			);
			defaultConfigurationIsVisible = 0;
			defaultConfigurationName = Release;
		};
		8B81FF161F1FECDE00D47451 /* Build configuration list for PBXNativeTarget "Unic Booking" */ = {
			isa = XCConfigurationList;
			buildConfigurations = (
				8B81FF171F1FECDE00D47451 /* Debug */,
				8B81FF181F1FECDE00D47451 /* Release */,
			);
			defaultConfigurationIsVisible = 0;
			defaultConfigurationName = Release;
		};
		8B81FF191F1FECDE00D47451 /* Build configuration list for PBXNativeTarget "Unic BookingTests" */ = {
			isa = XCConfigurationList;
			buildConfigurations = (
				8B81FF1A1F1FECDE00D47451 /* Debug */,
				8B81FF1B1F1FECDE00D47451 /* Release */,
			);
			defaultConfigurationIsVisible = 0;
			defaultConfigurationName = Release;
		};
		8B81FF1C1F1FECDE00D47451 /* Build configuration list for PBXNativeTarget "Unic BookingUITests" */ = {
			isa = XCConfigurationList;
			buildConfigurations = (
				8B81FF1D1F1FECDE00D47451 /* Debug */,
				8B81FF1E1F1FECDE00D47451 /* Release */,
			);
			defaultConfigurationIsVisible = 0;
			defaultConfigurationName = Release;
		};
/* End XCConfigurationList section */
	};
	rootObject = 8B81FEE61F1FECDE00D47451 /* Project object */;
}
